// !$*UTF8*$!
{
	archiveVersion = 1;
	classes = {
	};
	objectVersion = 56;
	objects = {

/* Begin PBXBuildFile section */
		9B90F0BA29084E7800DCCCAA /* StateAndDataFlowApp.swift in Sources */ = {isa = PBXBuildFile; fileRef = 9B90F0B929084E7800DCCCAA /* StateAndDataFlowApp.swift */; };
		9B90F0BE29084E7B00DCCCAA /* Assets.xcassets in Resources */ = {isa = PBXBuildFile; fileRef = 9B90F0BD29084E7B00DCCCAA /* Assets.xcassets */; };
		9B90F0C129084E7B00DCCCAA /* Preview Assets.xcassets in Resources */ = {isa = PBXBuildFile; fileRef = 9B90F0C029084E7B00DCCCAA /* Preview Assets.xcassets */; };
		9B90F0C82908509D00DCCCAA /* ButtonView.swift in Sources */ = {isa = PBXBuildFile; fileRef = 9B90F0C72908509D00DCCCAA /* ButtonView.swift */; };
		9B90F0CA29094BCC00DCCCAA /* TimeCounter.swift in Sources */ = {isa = PBXBuildFile; fileRef = 9B90F0C929094BCC00DCCCAA /* TimeCounter.swift */; };
		9B90F0CC290976A300DCCCAA /* RegisterView.swift in Sources */ = {isa = PBXBuildFile; fileRef = 9B90F0CB290976A200DCCCAA /* RegisterView.swift */; };
		9B90F0CE290978A900DCCCAA /* UserManager.swift in Sources */ = {isa = PBXBuildFile; fileRef = 9B90F0CD290978A900DCCCAA /* UserManager.swift */; };
		9B90F0D029097DD200DCCCAA /* StarterView.swift in Sources */ = {isa = PBXBuildFile; fileRef = 9B90F0CF29097DD200DCCCAA /* StarterView.swift */; };
		9B996753290E9E66005F7F8E /* DataManager.swift in Sources */ = {isa = PBXBuildFile; fileRef = 9B996752290E9E66005F7F8E /* DataManager.swift */; };
		9B996755290EA7BE005F7F8E /* TimerView.swift in Sources */ = {isa = PBXBuildFile; fileRef = 9B996754290EA7BE005F7F8E /* TimerView.swift */; };
		9B99675B290EABA3005F7F8E /* ButtonAppearanceModifier.swift in Sources */ = {isa = PBXBuildFile; fileRef = 9B99675A290EABA3005F7F8E /* ButtonAppearanceModifier.swift */; };
/* End PBXBuildFile section */

/* Begin PBXFileReference section */
		9B90F0B629084E7800DCCCAA /* StateAndDataFlow.app */ = {isa = PBXFileReference; explicitFileType = wrapper.application; includeInIndex = 0; path = StateAndDataFlow.app; sourceTree = BUILT_PRODUCTS_DIR; };
		9B90F0B929084E7800DCCCAA /* StateAndDataFlowApp.swift */ = {isa = PBXFileReference; lastKnownFileType = sourcecode.swift; path = StateAndDataFlowApp.swift; sourceTree = "<group>"; };
		9B90F0BD29084E7B00DCCCAA /* Assets.xcassets */ = {isa = PBXFileReference; lastKnownFileType = folder.assetcatalog; path = Assets.xcassets; sourceTree = "<group>"; };
		9B90F0C029084E7B00DCCCAA /* Preview Assets.xcassets */ = {isa = PBXFileReference; lastKnownFileType = folder.assetcatalog; path = "Preview Assets.xcassets"; sourceTree = "<group>"; };
		9B90F0C72908509D00DCCCAA /* ButtonView.swift */ = {isa = PBXFileReference; lastKnownFileType = sourcecode.swift; path = ButtonView.swift; sourceTree = "<group>"; };
		9B90F0C929094BCC00DCCCAA /* TimeCounter.swift */ = {isa = PBXFileReference; lastKnownFileType = sourcecode.swift; path = TimeCounter.swift; sourceTree = "<group>"; };
		9B90F0CB290976A200DCCCAA /* RegisterView.swift */ = {isa = PBXFileReference; lastKnownFileType = sourcecode.swift; path = RegisterView.swift; sourceTree = "<group>"; };
		9B90F0CD290978A900DCCCAA /* UserManager.swift */ = {isa = PBXFileReference; lastKnownFileType = sourcecode.swift; path = UserManager.swift; sourceTree = "<group>"; };
		9B90F0CF29097DD200DCCCAA /* StarterView.swift */ = {isa = PBXFileReference; lastKnownFileType = sourcecode.swift; path = StarterView.swift; sourceTree = "<group>"; };
		9B996752290E9E66005F7F8E /* DataManager.swift */ = {isa = PBXFileReference; lastKnownFileType = sourcecode.swift; path = DataManager.swift; sourceTree = "<group>"; };
		9B996754290EA7BE005F7F8E /* TimerView.swift */ = {isa = PBXFileReference; lastKnownFileType = sourcecode.swift; path = TimerView.swift; sourceTree = "<group>"; };
		9B99675A290EABA3005F7F8E /* ButtonAppearanceModifier.swift */ = {isa = PBXFileReference; lastKnownFileType = sourcecode.swift; path = ButtonAppearanceModifier.swift; sourceTree = "<group>"; };
/* End PBXFileReference section */

/* Begin PBXFrameworksBuildPhase section */
		9B90F0B329084E7800DCCCAA /* Frameworks */ = {
			isa = PBXFrameworksBuildPhase;
			buildActionMask = 2147483647;
			files = (
			);
			runOnlyForDeploymentPostprocessing = 0;
		};
/* End PBXFrameworksBuildPhase section */

/* Begin PBXGroup section */
		9B90F0AD29084E7800DCCCAA = {
			isa = PBXGroup;
			children = (
				9B90F0B829084E7800DCCCAA /* StateAndDataFlow */,
				9B90F0B729084E7800DCCCAA /* Products */,
			);
			sourceTree = "<group>";
		};
		9B90F0B729084E7800DCCCAA /* Products */ = {
			isa = PBXGroup;
			children = (
				9B90F0B629084E7800DCCCAA /* StateAndDataFlow.app */,
			);
			name = Products;
			sourceTree = "<group>";
		};
		9B90F0B829084E7800DCCCAA /* StateAndDataFlow */ = {
			isa = PBXGroup;
			children = (
				9B90F0B929084E7800DCCCAA /* StateAndDataFlowApp.swift */,
				9B90F0CF29097DD200DCCCAA /* StarterView.swift */,
				9B996754290EA7BE005F7F8E /* TimerView.swift */,
				9B90F0CB290976A200DCCCAA /* RegisterView.swift */,
				9B90F0C72908509D00DCCCAA /* ButtonView.swift */,
				9B99675A290EABA3005F7F8E /* ButtonAppearanceModifier.swift */,
				9B90F0C929094BCC00DCCCAA /* TimeCounter.swift */,
				9B90F0CD290978A900DCCCAA /* UserManager.swift */,
				9B996752290E9E66005F7F8E /* DataManager.swift */,
				9B90F0BD29084E7B00DCCCAA /* Assets.xcassets */,
				9B90F0BF29084E7B00DCCCAA /* Preview Content */,
			);
			path = StateAndDataFlow;
			sourceTree = "<group>";
		};
		9B90F0BF29084E7B00DCCCAA /* Preview Content */ = {
			isa = PBXGroup;
			children = (
				9B90F0C029084E7B00DCCCAA /* Preview Assets.xcassets */,
			);
			path = "Preview Content";
			sourceTree = "<group>";
		};
/* End PBXGroup section */

/* Begin PBXNativeTarget section */
		9B90F0B529084E7800DCCCAA /* StateAndDataFlow */ = {
			isa = PBXNativeTarget;
			buildConfigurationList = 9B90F0C429084E7B00DCCCAA /* Build configuration list for PBXNativeTarget "StateAndDataFlow" */;
			buildPhases = (
				9B90F0B229084E7800DCCCAA /* Sources */,
				9B90F0B329084E7800DCCCAA /* Frameworks */,
				9B90F0B429084E7800DCCCAA /* Resources */,
			);
			buildRules = (
			);
			dependencies = (
			);
			name = StateAndDataFlow;
			productName = StateAndDataFlow;
			productReference = 9B90F0B629084E7800DCCCAA /* StateAndDataFlow.app */;
			productType = "com.apple.product-type.application";
		};
/* End PBXNativeTarget section */

/* Begin PBXProject section */
		9B90F0AE29084E7800DCCCAA /* Project object */ = {
			isa = PBXProject;
			attributes = {
				BuildIndependentTargetsInParallel = 1;
				LastSwiftUpdateCheck = 1400;
				LastUpgradeCheck = 1400;
				TargetAttributes = {
					9B90F0B529084E7800DCCCAA = {
						CreatedOnToolsVersion = 14.0.1;
					};
				};
			};
			buildConfigurationList = 9B90F0B129084E7800DCCCAA /* Build configuration list for PBXProject "StateAndDataFlow" */;
			compatibilityVersion = "Xcode 14.0";
			developmentRegion = en;
			hasScannedForEncodings = 0;
			knownRegions = (
				en,
				Base,
			);
			mainGroup = 9B90F0AD29084E7800DCCCAA;
			productRefGroup = 9B90F0B729084E7800DCCCAA /* Products */;
			projectDirPath = "";
			projectRoot = "";
			targets = (
				9B90F0B529084E7800DCCCAA /* StateAndDataFlow */,
			);
		};
/* End PBXProject section */

/* Begin PBXResourcesBuildPhase section */
		9B90F0B429084E7800DCCCAA /* Resources */ = {
			isa = PBXResourcesBuildPhase;
			buildActionMask = 2147483647;
			files = (
				9B90F0C129084E7B00DCCCAA /* Preview Assets.xcassets in Resources */,
				9B90F0BE29084E7B00DCCCAA /* Assets.xcassets in Resources */,
			);
			runOnlyForDeploymentPostprocessing = 0;
		};
/* End PBXResourcesBuildPhase section */

/* Begin PBXSourcesBuildPhase section */
		9B90F0B229084E7800DCCCAA /* Sources */ = {
			isa = PBXSourcesBuildPhase;
			buildActionMask = 2147483647;
			files = (
				9B996755290EA7BE005F7F8E /* TimerView.swift in Sources */,
				9B90F0D029097DD200DCCCAA /* StarterView.swift in Sources */,
				9B99675B290EABA3005F7F8E /* ButtonAppearanceModifier.swift in Sources */,
				9B996753290E9E66005F7F8E /* DataManager.swift in Sources */,
				9B90F0CE290978A900DCCCAA /* UserManager.swift in Sources */,
				9B90F0CC290976A300DCCCAA /* RegisterView.swift in Sources */,
				9B90F0BA29084E7800DCCCAA /* StateAndDataFlowApp.swift in Sources */,
				9B90F0C82908509D00DCCCAA /* ButtonView.swift in Sources */,
				9B90F0CA29094BCC00DCCCAA /* TimeCounter.swift in Sources */,
			);
			runOnlyForDeploymentPostprocessing = 0;
		};
/* End PBXSourcesBuildPhase section */

/* Begin XCBuildConfiguration section */
		9B90F0C229084E7B00DCCCAA /* Debug */ = {
			isa = XCBuildConfiguration;
			buildSettings = {
				ALWAYS_SEARCH_USER_PATHS = NO;
				CLANG_ANALYZER_NONNULL = YES;
				CLANG_ANALYZER_NUMBER_OBJECT_CONVERSION = YES_AGGRESSIVE;
				CLANG_CXX_LANGUAGE_STANDARD = "gnu++20";
				CLANG_ENABLE_MODULES = YES;
				CLANG_ENABLE_OBJC_ARC = YES;
				CLANG_ENABLE_OBJC_WEAK = YES;
				CLANG_WARN_BLOCK_CAPTURE_AUTORELEASING = YES;
				CLANG_WARN_BOOL_CONVERSION = YES;
				CLANG_WARN_COMMA = YES;
				CLANG_WARN_CONSTANT_CONVERSION = YES;
				CLANG_WARN_DEPRECATED_OBJC_IMPLEMENTATIONS = YES;
				CLANG_WARN_DIRECT_OBJC_ISA_USAGE = YES_ERROR;
				CLANG_WARN_DOCUMENTATION_COMMENTS = YES;
				CLANG_WARN_EMPTY_BODY = YES;
				CLANG_WARN_ENUM_CONVERSION = YES;
				CLANG_WARN_INFINITE_RECURSION = YES;
				CLANG_WARN_INT_CONVERSION = YES;
				CLANG_WARN_NON_LITERAL_NULL_CONVERSION = YES;
				CLANG_WARN_OBJC_IMPLICIT_RETAIN_SELF = YES;
				CLANG_WARN_OBJC_LITERAL_CONVERSION = YES;
				CLANG_WARN_OBJC_ROOT_CLASS = YES_ERROR;
				CLANG_WARN_QUOTED_INCLUDE_IN_FRAMEWORK_HEADER = YES;
				CLANG_WARN_RANGE_LOOP_ANALYSIS = YES;
				CLANG_WARN_STRICT_PROTOTYPES = YES;
				CLANG_WARN_SUSPICIOUS_MOVE = YES;
				CLANG_WARN_UNGUARDED_AVAILABILITY = YES_AGGRESSIVE;
				CLANG_WARN_UNREACHABLE_CODE = YES;
				CLANG_WARN__DUPLICATE_METHOD_MATCH = YES;
				COPY_PHASE_STRIP = NO;
				DEBUG_INFORMATION_FORMAT = dwarf;
				ENABLE_STRICT_OBJC_MSGSEND = YES;
				ENABLE_TESTABILITY = YES;
				GCC_C_LANGUAGE_STANDARD = gnu11;
				GCC_DYNAMIC_NO_PIC = NO;
				GCC_NO_COMMON_BLOCKS = YES;
				GCC_OPTIMIZATION_LEVEL = 0;
				GCC_PREPROCESSOR_DEFINITIONS = (
					"DEBUG=1",
					"$(inherited)",
				);
				GCC_WARN_64_TO_32_BIT_CONVERSION = YES;
				GCC_WARN_ABOUT_RETURN_TYPE = YES_ERROR;
				GCC_WARN_UNDECLARED_SELECTOR = YES;
				GCC_WARN_UNINITIALIZED_AUTOS = YES_AGGRESSIVE;
				GCC_WARN_UNUSED_FUNCTION = YES;
				GCC_WARN_UNUSED_VARIABLE = YES;
				IPHONEOS_DEPLOYMENT_TARGET = 16.0;
				MTL_ENABLE_DEBUG_INFO = INCLUDE_SOURCE;
				MTL_FAST_MATH = YES;
				ONLY_ACTIVE_ARCH = YES;
				SDKROOT = iphoneos;
				SWIFT_ACTIVE_COMPILATION_CONDITIONS = DEBUG;
				SWIFT_OPTIMIZATION_LEVEL = "-Onone";
			};
			name = Debug;
		};
		9B90F0C329084E7B00DCCCAA /* Release */ = {
			isa = XCBuildConfiguration;
			buildSettings = {
				ALWAYS_SEARCH_USER_PATHS = NO;
				CLANG_ANALYZER_NONNULL = YES;
				CLANG_ANALYZER_NUMBER_OBJECT_CONVERSION = YES_AGGRESSIVE;
				CLANG_CXX_LANGUAGE_STANDARD = "gnu++20";
				CLANG_ENABLE_MODULES = YES;
				CLANG_ENABLE_OBJC_ARC = YES;
				CLANG_ENABLE_OBJC_WEAK = YES;
				CLANG_WARN_BLOCK_CAPTURE_AUTORELEASING = YES;
				CLANG_WARN_BOOL_CONVERSION = YES;
				CLANG_WARN_COMMA = YES;
				CLANG_WARN_CONSTANT_CONVERSION = YES;
				CLANG_WARN_DEPRECATED_OBJC_IMPLEMENTATIONS = YES;
				CLANG_WARN_DIRECT_OBJC_ISA_USAGE = YES_ERROR;
				CLANG_WARN_DOCUMENTATION_COMMENTS = YES;
				CLANG_WARN_EMPTY_BODY = YES;
				CLANG_WARN_ENUM_CONVERSION = YES;
				CLANG_WARN_INFINITE_RECURSION = YES;
				CLANG_WARN_INT_CONVERSION = YES;
				CLANG_WARN_NON_LITERAL_NULL_CONVERSION = YES;
				CLANG_WARN_OBJC_IMPLICIT_RETAIN_SELF = YES;
				CLANG_WARN_OBJC_LITERAL_CONVERSION = YES;
				CLANG_WARN_OBJC_ROOT_CLASS = YES_ERROR;
				CLANG_WARN_QUOTED_INCLUDE_IN_FRAMEWORK_HEADER = YES;
				CLANG_WARN_RANGE_LOOP_ANALYSIS = YES;
				CLANG_WARN_STRICT_PROTOTYPES = YES;
				CLANG_WARN_SUSPICIOUS_MOVE = YES;
				CLANG_WARN_UNGUARDED_AVAILABILITY = YES_AGGRESSIVE;
				CLANG_WARN_UNREACHABLE_CODE = YES;
				CLANG_WARN__DUPLICATE_METHOD_MATCH = YES;
				COPY_PHASE_STRIP = NO;
				DEBUG_INFORMATION_FORMAT = "dwarf-with-dsym";
				ENABLE_NS_ASSERTIONS = NO;
				ENABLE_STRICT_OBJC_MSGSEND = YES;
				GCC_C_LANGUAGE_STANDARD = gnu11;
				GCC_NO_COMMON_BLOCKS = YES;
				GCC_WARN_64_TO_32_BIT_CONVERSION = YES;
				GCC_WARN_ABOUT_RETURN_TYPE = YES_ERROR;
				GCC_WARN_UNDECLARED_SELECTOR = YES;
				GCC_WARN_UNINITIALIZED_AUTOS = YES_AGGRESSIVE;
				GCC_WARN_UNUSED_FUNCTION = YES;
				GCC_WARN_UNUSED_VARIABLE = YES;
				IPHONEOS_DEPLOYMENT_TARGET = 16.0;
				MTL_ENABLE_DEBUG_INFO = NO;
				MTL_FAST_MATH = YES;
				SDKROOT = iphoneos;
				SWIFT_COMPILATION_MODE = wholemodule;
				SWIFT_OPTIMIZATION_LEVEL = "-O";
				VALIDATE_PRODUCT = YES;
			};
			name = Release;
		};
		9B90F0C529084E7B00DCCCAA /* Debug */ = {
			isa = XCBuildConfiguration;
			buildSettings = {
				ASSETCATALOG_COMPILER_APPICON_NAME = AppIcon;
				ASSETCATALOG_COMPILER_GLOBAL_ACCENT_COLOR_NAME = AccentColor;
				CODE_SIGN_STYLE = Automatic;
				CURRENT_PROJECT_VERSION = 1;
				DEVELOPMENT_ASSET_PATHS = "\"StateAndDataFlow/Preview Content\"";
				DEVELOPMENT_TEAM = 27CWMTU76N;
				ENABLE_PREVIEWS = YES;
				GENERATE_INFOPLIST_FILE = YES;
				INFOPLIST_KEY_UIApplicationSceneManifest_Generation = YES;
				INFOPLIST_KEY_UIApplicationSupportsIndirectInputEvents = YES;
				INFOPLIST_KEY_UILaunchScreen_Generation = YES;
				INFOPLIST_KEY_UISupportedInterfaceOrientations_iPad = "UIInterfaceOrientationPortrait UIInterfaceOrientationPortraitUpsideDown UIInterfaceOrientationLandscapeLeft UIInterfaceOrientationLandscapeRight";
				INFOPLIST_KEY_UISupportedInterfaceOrientations_iPhone = "UIInterfaceOrientationPortrait UIInterfaceOrientationLandscapeLeft UIInterfaceOrientationLandscapeRight";
				LD_RUNPATH_SEARCH_PATHS = (
					"$(inherited)",
					"@executable_path/Frameworks",
				);
				MARKETING_VERSION = 1.0;
				PRODUCT_BUNDLE_IDENTIFIER = "com.samirkafarov.TrafficLight-swiftui.StateAndDataFlow";
				PRODUCT_NAME = "$(TARGET_NAME)";
				SWIFT_EMIT_LOC_STRINGS = YES;
				SWIFT_VERSION = 5.0;
				TARGETED_DEVICE_FAMILY = "1,2";
			};
			name = Debug;
		};
		9B90F0C629084E7B00DCCCAA /* Release */ = {
			isa = XCBuildConfiguration;
			buildSettings = {
				ASSETCATALOG_COMPILER_APPICON_NAME = AppIcon;
				ASSETCATALOG_COMPILER_GLOBAL_ACCENT_COLOR_NAME = AccentColor;
				CODE_SIGN_STYLE = Automatic;
				CURRENT_PROJECT_VERSION = 1;
				DEVELOPMENT_ASSET_PATHS = "\"StateAndDataFlow/Preview Content\"";
				DEVELOPMENT_TEAM = 27CWMTU76N;
				ENABLE_PREVIEWS = YES;
				GENERATE_INFOPLIST_FILE = YES;
				INFOPLIST_KEY_UIApplicationSceneManifest_Generation = YES;
				INFOPLIST_KEY_UIApplicationSupportsIndirectInputEvents = YES;
				INFOPLIST_KEY_UILaunchScreen_Generation = YES;
				INFOPLIST_KEY_UISupportedInterfaceOrientations_iPad = "UIInterfaceOrientationPortrait UIInterfaceOrientationPortraitUpsideDown UIInterfaceOrientationLandscapeLeft UIInterfaceOrientationLandscapeRight";
				INFOPLIST_KEY_UISupportedInterfaceOrientations_iPhone = "UIInterfaceOrientationPortrait UIInterfaceOrientationLandscapeLeft UIInterfaceOrientationLandscapeRight";
				LD_RUNPATH_SEARCH_PATHS = (
					"$(inherited)",
					"@executable_path/Frameworks",
				);
				MARKETING_VERSION = 1.0;
				PRODUCT_BUNDLE_IDENTIFIER = "com.samirkafarov.TrafficLight-swiftui.StateAndDataFlow";
				PRODUCT_NAME = "$(TARGET_NAME)";
				SWIFT_EMIT_LOC_STRINGS = YES;
				SWIFT_VERSION = 5.0;
				TARGETED_DEVICE_FAMILY = "1,2";
			};
			name = Release;
		};
/* End XCBuildConfiguration section */

/* Begin XCConfigurationList section */
		9B90F0B129084E7800DCCCAA /* Build configuration list for PBXProject "StateAndDataFlow" */ = {
			isa = XCConfigurationList;
			buildConfigurations = (
				9B90F0C229084E7B00DCCCAA /* Debug */,
				9B90F0C329084E7B00DCCCAA /* Release */,
			);
			defaultConfigurationIsVisible = 0;
			defaultConfigurationName = Release;
		};
		9B90F0C429084E7B00DCCCAA /* Build configuration list for PBXNativeTarget "StateAndDataFlow" */ = {
			isa = XCConfigurationList;
			buildConfigurations = (
				9B90F0C529084E7B00DCCCAA /* Debug */,
				9B90F0C629084E7B00DCCCAA /* Release */,
			);
			defaultConfigurationIsVisible = 0;
			defaultConfigurationName = Release;
		};
/* End XCConfigurationList section */
	};
	rootObject = 9B90F0AE29084E7800DCCCAA /* Project object */;
}
